
Microsoft Visual Studio Solution File, Format Version 12.00
# Visual Studio 15
VisualStudioVersion = 15.0.26730.12
MinimumVisualStudioVersion = 10.0.40219.1
Project("{FAE04EC0-301F-11D3-BF4B-00C04F79EFBC}") = "Api46", "Api46\Api46.csproj", "{AD1C3724-30E3-4CCA-8356-569C5C2FF50B}"
EndProject
Global
	GlobalSection(SolutionConfigurationPlatforms) = preSolution
		Debug|Any CPU = Debug|Any CPU
		Release|Any CPU = Release|Any CPU
	EndGlobalSection
	GlobalSection(ProjectConfigurationPlatforms) = postSolution
		{AD1C3724-30E3-4CCA-8356-569C5C2FF50B}.Debug|Any CPU.ActiveCfg = Debug|Any CPU
		{AD1C3724-30E3-4CCA-8356-569C5C2FF50B}.Debug|Any CPU.Build.0 = Debug|Any CPU
		{AD1C3724-30E3-4CCA-8356-569C5C2FF50B}.Release|Any CPU.ActiveCfg = Release|Any CPU
		{AD1C3724-30E3-4CCA-8356-569C5C2FF50B}.Release|Any CPU.Build.0 = Release|Any CPU
	EndGlobalSection
	GlobalSection(SolutionProperties) = preSolution
		HideSolutionNode = FALSE
	EndGlobalSection
	GlobalSection(ExtensibilityGlobals) = postSolution
		SolutionGuid = {0C80DEC4-5BDA-42F4-9826-DDDAA6F143E2}
	EndGlobalSection
EndGlobal
